# This file is automatically @generated by Cargo.
# It is not intended for manual editing.
[[package]]
name = "bech32"
version = "0.7.2"
source = "registry+https://github.com/rust-lang/crates.io-index"
checksum = "cdcf67bb7ba7797a081cd19009948ab533af7c355d5caf1d08c777582d351e9c"

[[package]]
name = "bitcoin"
version = "0.23.0"
source = "registry+https://github.com/rust-lang/crates.io-index"
checksum = "6a32c9d2fa897cfbb0db45d71e3d2838666194abc4828c0f994e4b5c3bf85ba4"
dependencies = [
 "bech32",
 "bitcoin_hashes",
 "secp256k1",
]

[[package]]
name = "bitcoin_hashes"
version = "0.7.6"
source = "registry+https://github.com/rust-lang/crates.io-index"
checksum = "b375d62f341cef9cd9e77793ec8f1db3fc9ce2e4d57e982c8fe697a2c16af3b6"

[[package]]
name = "cc"
version = "1.0.41"
source = "registry+https://github.com/rust-lang/crates.io-index"
checksum = "8dae9c4b8fedcae85592ba623c4fd08cfdab3e3b72d6df780c6ead964a69bfff"

[[package]]
name = "rustreexo"
version = "0.1.0"
dependencies = [
 "bitcoin",
 "bitcoin_hashes",
]

[[package]]
name = "secp256k1"
version = "0.17.2"
source = "registry+https://github.com/rust-lang/crates.io-index"
checksum = "2932dc07acd2066ff2e3921a4419606b220ba6cd03a9935123856cc534877056"
dependencies = [
 "secp256k1-sys",
]

[[package]]
name = "secp256k1-sys"
version = "0.1.2"
source = "registry+https://github.com/rust-lang/crates.io-index"
checksum = "7ab2c26f0d3552a0f12e639ae8a64afc2e3db9c52fe32f5fc6c289d38519f220"
dependencies = [
 "cc",
]
